
Microsoft Visual Studio Solution File, Format Version 12.00
# Visual Studio 15
VisualStudioVersion = 15.0.28307.271
MinimumVisualStudioVersion = 10.0.40219.1
Project("{FAE04EC0-301F-11D3-BF4B-00C04F79EFBC}") = "MiniGame", "MiniGame\MiniGame.csproj", "{44E7EB6A-E53B-4485-9D1D-9555FD50329F}"
EndProject
Global
	GlobalSection(SolutionConfigurationPlatforms) = preSolution
		Debug|x86 = Debug|x86
		Release|x86 = Release|x86
	EndGlobalSection
	GlobalSection(ProjectConfigurationPlatforms) = postSolution
		{44E7EB6A-E53B-4485-9D1D-9555FD50329F}.Debug|x86.ActiveCfg = Debug|x86
		{44E7EB6A-E53B-4485-9D1D-9555FD50329F}.Debug|x86.Build.0 = Debug|x86
		{44E7EB6A-E53B-4485-9D1D-9555FD50329F}.Release|x86.ActiveCfg = Release|x86
		{44E7EB6A-E53B-4485-9D1D-9555FD50329F}.Release|x86.Build.0 = Release|x86
	EndGlobalSection
	GlobalSection(SolutionProperties) = preSolution
		HideSolutionNode = FALSE
	EndGlobalSection
	GlobalSection(ExtensibilityGlobals) = postSolution
		SolutionGuid = {DF87D859-C641-4EB5-92DC-75AAF8C8ACA2}
	EndGlobalSection
EndGlobal
